
Microsoft Visual Studio Solution File, Format Version 12.00
# Visual Studio Version 16
VisualStudioVersion = 16.0.32106.194
MinimumVisualStudioVersion = 10.0.40219.1
Project("{FAE04EC0-301F-11D3-BF4B-00C04F79EFBC}") = "PersonalityTest", "PersonalityTest\PersonalityTest.csproj", "{00F1779E-0848-4B20-92D8-99906BEE8196}"
EndProject
Project("{FAE04EC0-301F-11D3-BF4B-00C04F79EFBC}") = "PersonalityTestSwitch", "PersonalityTestSwitch\PersonalityTestSwitch.csproj", "{F637C3C6-0CDE-4632-A6BF-943D8DD6FFF5}"
EndProject
Project("{FAE04EC0-301F-11D3-BF4B-00C04F79EFBC}") = "GradingIF", "GradingIF\GradingIF.csproj", "{B3C49C5D-9706-4A49-92FD-E4912F6179E3}"
EndProject
Project("{FAE04EC0-301F-11D3-BF4B-00C04F79EFBC}") = "GradingSwitch", "GradingSwitch\GradingSwitch.csproj", "{9513186A-9074-4799-971C-27453D18CBF0}"
EndProject
Project("{FAE04EC0-301F-11D3-BF4B-00C04F79EFBC}") = "CatsAndDogs", "CatsAndDogs\CatsAndDogs.csproj", "{AD4A261D-F305-436E-BEC1-76E4601D9718}"
EndProject
Global
	GlobalSection(SolutionConfigurationPlatforms) = preSolution
		Debug|Any CPU = Debug|Any CPU
		Release|Any CPU = Release|Any CPU
	EndGlobalSection
	GlobalSection(ProjectConfigurationPlatforms) = postSolution
		{00F1779E-0848-4B20-92D8-99906BEE8196}.Debug|Any CPU.ActiveCfg = Debug|Any CPU
		{00F1779E-0848-4B20-92D8-99906BEE8196}.Debug|Any CPU.Build.0 = Debug|Any CPU
		{00F1779E-0848-4B20-92D8-99906BEE8196}.Release|Any CPU.ActiveCfg = Release|Any CPU
		{00F1779E-0848-4B20-92D8-99906BEE8196}.Release|Any CPU.Build.0 = Release|Any CPU
		{F637C3C6-0CDE-4632-A6BF-943D8DD6FFF5}.Debug|Any CPU.ActiveCfg = Debug|Any CPU
		{F637C3C6-0CDE-4632-A6BF-943D8DD6FFF5}.Debug|Any CPU.Build.0 = Debug|Any CPU
		{F637C3C6-0CDE-4632-A6BF-943D8DD6FFF5}.Release|Any CPU.ActiveCfg = Release|Any CPU
		{F637C3C6-0CDE-4632-A6BF-943D8DD6FFF5}.Release|Any CPU.Build.0 = Release|Any CPU
		{B3C49C5D-9706-4A49-92FD-E4912F6179E3}.Debug|Any CPU.ActiveCfg = Debug|Any CPU
		{B3C49C5D-9706-4A49-92FD-E4912F6179E3}.Debug|Any CPU.Build.0 = Debug|Any CPU
		{B3C49C5D-9706-4A49-92FD-E4912F6179E3}.Release|Any CPU.ActiveCfg = Release|Any CPU
		{B3C49C5D-9706-4A49-92FD-E4912F6179E3}.Release|Any CPU.Build.0 = Release|Any CPU
		{9513186A-9074-4799-971C-27453D18CBF0}.Debug|Any CPU.ActiveCfg = Debug|Any CPU
		{9513186A-9074-4799-971C-27453D18CBF0}.Debug|Any CPU.Build.0 = Debug|Any CPU
		{9513186A-9074-4799-971C-27453D18CBF0}.Release|Any CPU.ActiveCfg = Release|Any CPU
		{9513186A-9074-4799-971C-27453D18CBF0}.Release|Any CPU.Build.0 = Release|Any CPU
		{AD4A261D-F305-436E-BEC1-76E4601D9718}.Debug|Any CPU.ActiveCfg = Debug|Any CPU
		{AD4A261D-F305-436E-BEC1-76E4601D9718}.Debug|Any CPU.Build.0 = Debug|Any CPU
		{AD4A261D-F305-436E-BEC1-76E4601D9718}.Release|Any CPU.ActiveCfg = Release|Any CPU
		{AD4A261D-F305-436E-BEC1-76E4601D9718}.Release|Any CPU.Build.0 = Release|Any CPU
	EndGlobalSection
	GlobalSection(SolutionProperties) = preSolution
		HideSolutionNode = FALSE
	EndGlobalSection
	GlobalSection(ExtensibilityGlobals) = postSolution
		SolutionGuid = {261A4417-DFBD-4B7C-B4F2-355D43A28193}
	EndGlobalSection
EndGlobal
